
Microsoft Visual Studio Solution File, Format Version 12.00
# Visual Studio Version 17
VisualStudioVersion = 17.11.35431.28
MinimumVisualStudioVersion = 10.0.40219.1
Project("{9A19103F-16F7-4668-BE54-9A1E7A4F7556}") = "OOP_lab4", "OOP_lab4\OOP_lab4.csproj", "{558BCBF2-A10D-4190-8ACB-7F943E113625}"
EndProject
Project("{2150E333-8FDC-42A3-9474-1A3956D46DE8}") = "Solution Items", "Solution Items", "{DFC15CB7-2780-4E73-906D-4CF91658C650}"
	ProjectSection(SolutionItems) = preProject
		.editorconfig = .editorconfig
	EndProjectSection
EndProject
Project("{FAE04EC0-301F-11D3-BF4B-00C04F79EFBC}") = "TestMyFracAndMyComplex", "TestMyFracAndMyComplex\TestMyFracAndMyComplex.csproj", "{6231EA03-9FA1-49B0-98A5-22BC7D72D172}"
EndProject
Global
	GlobalSection(SolutionConfigurationPlatforms) = preSolution
		Debug|Any CPU = Debug|Any CPU
		Release|Any CPU = Release|Any CPU
	EndGlobalSection
	GlobalSection(ProjectConfigurationPlatforms) = postSolution
		{558BCBF2-A10D-4190-8ACB-7F943E113625}.Debug|Any CPU.ActiveCfg = Debug|Any CPU
		{558BCBF2-A10D-4190-8ACB-7F943E113625}.Debug|Any CPU.Build.0 = Debug|Any CPU
		{558BCBF2-A10D-4190-8ACB-7F943E113625}.Release|Any CPU.ActiveCfg = Release|Any CPU
		{558BCBF2-A10D-4190-8ACB-7F943E113625}.Release|Any CPU.Build.0 = Release|Any CPU
		{6231EA03-9FA1-49B0-98A5-22BC7D72D172}.Debug|Any CPU.ActiveCfg = Debug|Any CPU
		{6231EA03-9FA1-49B0-98A5-22BC7D72D172}.Debug|Any CPU.Build.0 = Debug|Any CPU
		{6231EA03-9FA1-49B0-98A5-22BC7D72D172}.Release|Any CPU.ActiveCfg = Release|Any CPU
		{6231EA03-9FA1-49B0-98A5-22BC7D72D172}.Release|Any CPU.Build.0 = Release|Any CPU
	EndGlobalSection
	GlobalSection(SolutionProperties) = preSolution
		HideSolutionNode = FALSE
	EndGlobalSection
	GlobalSection(ExtensibilityGlobals) = postSolution
		SolutionGuid = {094CEAC6-D0D0-4950-92EE-D12DF562D272}
	EndGlobalSection
EndGlobal
